
Microsoft Visual Studio Solution File, Format Version 12.00
# Visual Studio Version 17
VisualStudioVersion = 17.3.32929.385
MinimumVisualStudioVersion = 10.0.40219.1
Project("{FAE04EC0-301F-11D3-BF4B-00C04F79EFBC}") = "ContactsAppUI", "ContactsAppUI.csproj", "{8D3EE39D-3EEF-4F6F-9767-0B99DE2B34D1}"
EndProject
Project("{FAE04EC0-301F-11D3-BF4B-00C04F79EFBC}") = "ContactsApp", "..\ContactsApp\ContactsApp.csproj", "{25CC0139-2002-47EF-B190-B8142C32D19A}"
EndProject
Project("{FAE04EC0-301F-11D3-BF4B-00C04F79EFBC}") = "ContactsApp.UnitTests", "..\ContactsApp.UnitTests\ContactsApp.UnitTests.csproj", "{2E85D1B4-CA8A-450A-A41B-C0F1F13B28B3}"
	ProjectSection(ProjectDependencies) = postProject
		{8D3EE39D-3EEF-4F6F-9767-0B99DE2B34D1} = {8D3EE39D-3EEF-4F6F-9767-0B99DE2B34D1}
	EndProjectSection
EndProject
Global
	GlobalSection(SolutionConfigurationPlatforms) = preSolution
		Debug|Any CPU = Debug|Any CPU
		Release|Any CPU = Release|Any CPU
	EndGlobalSection
	GlobalSection(ProjectConfigurationPlatforms) = postSolution
		{8D3EE39D-3EEF-4F6F-9767-0B99DE2B34D1}.Debug|Any CPU.ActiveCfg = Debug|Any CPU
		{8D3EE39D-3EEF-4F6F-9767-0B99DE2B34D1}.Debug|Any CPU.Build.0 = Debug|Any CPU
		{8D3EE39D-3EEF-4F6F-9767-0B99DE2B34D1}.Release|Any CPU.ActiveCfg = Release|Any CPU
		{8D3EE39D-3EEF-4F6F-9767-0B99DE2B34D1}.Release|Any CPU.Build.0 = Release|Any CPU
		{25CC0139-2002-47EF-B190-B8142C32D19A}.Debug|Any CPU.ActiveCfg = Debug|Any CPU
		{25CC0139-2002-47EF-B190-B8142C32D19A}.Debug|Any CPU.Build.0 = Debug|Any CPU
		{25CC0139-2002-47EF-B190-B8142C32D19A}.Release|Any CPU.ActiveCfg = Release|Any CPU
		{25CC0139-2002-47EF-B190-B8142C32D19A}.Release|Any CPU.Build.0 = Release|Any CPU
		{2E85D1B4-CA8A-450A-A41B-C0F1F13B28B3}.Debug|Any CPU.ActiveCfg = Debug|Any CPU
		{2E85D1B4-CA8A-450A-A41B-C0F1F13B28B3}.Debug|Any CPU.Build.0 = Debug|Any CPU
		{2E85D1B4-CA8A-450A-A41B-C0F1F13B28B3}.Release|Any CPU.ActiveCfg = Release|Any CPU
		{2E85D1B4-CA8A-450A-A41B-C0F1F13B28B3}.Release|Any CPU.Build.0 = Release|Any CPU
	EndGlobalSection
	GlobalSection(SolutionProperties) = preSolution
		HideSolutionNode = FALSE
	EndGlobalSection
	GlobalSection(ExtensibilityGlobals) = postSolution
		SolutionGuid = {59A8D442-5072-4725-BBE4-C900AFEA0F9B}
	EndGlobalSection
EndGlobal
